
Microsoft Visual Studio Solution File, Format Version 12.00
# Visual Studio Version 16
VisualStudioVersion = 16.0.29926.136
MinimumVisualStudioVersion = 10.0.40219.1
Project("{FAE04EC0-301F-11D3-BF4B-00C04F79EFBC}") = "HelpDesk.Services", "HelpDesk.Services\HelpDesk.Services.csproj", "{5D342632-F9AB-4570-B650-B4C21114D120}"
EndProject
Project("{FAE04EC0-301F-11D3-BF4B-00C04F79EFBC}") = "HelpDesk.Models", "HelpDesk.Models\HelpDesk.Models.csproj", "{2DB56E5E-2521-484B-885B-D9C85751491E}"
EndProject
Project("{FAE04EC0-301F-11D3-BF4B-00C04F79EFBC}") = "HelpDesk.Utils", "HelpDesk.Utils\HelpDesk.Utils.csproj", "{D797EA73-5F57-45F5-94E5-C05298D3E814}"
EndProject
Project("{FAE04EC0-301F-11D3-BF4B-00C04F79EFBC}") = "HelpDesk.Repos", "HelpDesk.Repos\HelpDesk.Repos.csproj", "{E443925D-2A20-40C1-A070-DDA4D85142FB}"
EndProject
Project("{FAE04EC0-301F-11D3-BF4B-00C04F79EFBC}") = "HelpDesk.ViewModels", "HelpDesk.ViewModels\HelpDesk.ViewModels.csproj", "{C2876E55-B450-46C9-899A-E19FCE56C35B}"
EndProject
Project("{FAE04EC0-301F-11D3-BF4B-00C04F79EFBC}") = "HelpDesk.Web.MVC", "HelpDesk.Web.MVC\HelpDesk.Web.MVC.csproj", "{2194804A-685C-406D-AA9F-B88EF6538F50}"
EndProject
Project("{FAE04EC0-301F-11D3-BF4B-00C04F79EFBC}") = "HelpDesk.Enums", "HelpDesk.Enums\HelpDesk.Enums.csproj", "{FFB1FEDD-8AC3-4E61-8E30-70112EE05AB6}"
EndProject
Project("{FAE04EC0-301F-11D3-BF4B-00C04F79EFBC}") = "HelpDesk.Web", "HelpDesk.Web\HelpDesk.Web.csproj", "{0E923FC1-510E-4BBA-B1BC-D96CD24E04CB}"
EndProject
Project("{FAE04EC0-301F-11D3-BF4B-00C04F79EFBC}") = "HelpDesk.WebAPI", "HelpDesk.WebAPI\HelpDesk.WebAPI.csproj", "{243239CB-E79E-4F34-B3C7-92D90425256A}"
EndProject
Project("{FAE04EC0-301F-11D3-BF4B-00C04F79EFBC}") = "App1", "App1\App1.csproj", "{D2C6422B-045A-42DE-AD60-C8A94C2F6371}"
EndProject
Global
	GlobalSection(SolutionConfigurationPlatforms) = preSolution
		Debug|Any CPU = Debug|Any CPU
		Release|Any CPU = Release|Any CPU
	EndGlobalSection
	GlobalSection(ProjectConfigurationPlatforms) = postSolution
		{5D342632-F9AB-4570-B650-B4C21114D120}.Debug|Any CPU.ActiveCfg = Debug|Any CPU
		{5D342632-F9AB-4570-B650-B4C21114D120}.Debug|Any CPU.Build.0 = Debug|Any CPU
		{5D342632-F9AB-4570-B650-B4C21114D120}.Release|Any CPU.ActiveCfg = Release|Any CPU
		{5D342632-F9AB-4570-B650-B4C21114D120}.Release|Any CPU.Build.0 = Release|Any CPU
		{2DB56E5E-2521-484B-885B-D9C85751491E}.Debug|Any CPU.ActiveCfg = Debug|Any CPU
		{2DB56E5E-2521-484B-885B-D9C85751491E}.Debug|Any CPU.Build.0 = Debug|Any CPU
		{2DB56E5E-2521-484B-885B-D9C85751491E}.Release|Any CPU.ActiveCfg = Release|Any CPU
		{2DB56E5E-2521-484B-885B-D9C85751491E}.Release|Any CPU.Build.0 = Release|Any CPU
		{D797EA73-5F57-45F5-94E5-C05298D3E814}.Debug|Any CPU.ActiveCfg = Debug|Any CPU
		{D797EA73-5F57-45F5-94E5-C05298D3E814}.Debug|Any CPU.Build.0 = Debug|Any CPU
		{D797EA73-5F57-45F5-94E5-C05298D3E814}.Release|Any CPU.ActiveCfg = Release|Any CPU
		{D797EA73-5F57-45F5-94E5-C05298D3E814}.Release|Any CPU.Build.0 = Release|Any CPU
		{E443925D-2A20-40C1-A070-DDA4D85142FB}.Debug|Any CPU.ActiveCfg = Debug|Any CPU
		{E443925D-2A20-40C1-A070-DDA4D85142FB}.Debug|Any CPU.Build.0 = Debug|Any CPU
		{E443925D-2A20-40C1-A070-DDA4D85142FB}.Release|Any CPU.ActiveCfg = Release|Any CPU
		{E443925D-2A20-40C1-A070-DDA4D85142FB}.Release|Any CPU.Build.0 = Release|Any CPU
		{C2876E55-B450-46C9-899A-E19FCE56C35B}.Debug|Any CPU.ActiveCfg = Debug|Any CPU
		{C2876E55-B450-46C9-899A-E19FCE56C35B}.Debug|Any CPU.Build.0 = Debug|Any CPU
		{C2876E55-B450-46C9-899A-E19FCE56C35B}.Release|Any CPU.ActiveCfg = Release|Any CPU
		{C2876E55-B450-46C9-899A-E19FCE56C35B}.Release|Any CPU.Build.0 = Release|Any CPU
		{2194804A-685C-406D-AA9F-B88EF6538F50}.Debug|Any CPU.ActiveCfg = Debug|Any CPU
		{2194804A-685C-406D-AA9F-B88EF6538F50}.Debug|Any CPU.Build.0 = Debug|Any CPU
		{2194804A-685C-406D-AA9F-B88EF6538F50}.Release|Any CPU.ActiveCfg = Release|Any CPU
		{2194804A-685C-406D-AA9F-B88EF6538F50}.Release|Any CPU.Build.0 = Release|Any CPU
		{FFB1FEDD-8AC3-4E61-8E30-70112EE05AB6}.Debug|Any CPU.ActiveCfg = Debug|Any CPU
		{FFB1FEDD-8AC3-4E61-8E30-70112EE05AB6}.Debug|Any CPU.Build.0 = Debug|Any CPU
		{FFB1FEDD-8AC3-4E61-8E30-70112EE05AB6}.Release|Any CPU.ActiveCfg = Release|Any CPU
		{FFB1FEDD-8AC3-4E61-8E30-70112EE05AB6}.Release|Any CPU.Build.0 = Release|Any CPU
		{0E923FC1-510E-4BBA-B1BC-D96CD24E04CB}.Debug|Any CPU.ActiveCfg = Debug|Any CPU
		{0E923FC1-510E-4BBA-B1BC-D96CD24E04CB}.Debug|Any CPU.Build.0 = Debug|Any CPU
		{0E923FC1-510E-4BBA-B1BC-D96CD24E04CB}.Release|Any CPU.ActiveCfg = Release|Any CPU
		{0E923FC1-510E-4BBA-B1BC-D96CD24E04CB}.Release|Any CPU.Build.0 = Release|Any CPU
		{243239CB-E79E-4F34-B3C7-92D90425256A}.Debug|Any CPU.ActiveCfg = Debug|Any CPU
		{243239CB-E79E-4F34-B3C7-92D90425256A}.Debug|Any CPU.Build.0 = Debug|Any CPU
		{243239CB-E79E-4F34-B3C7-92D90425256A}.Release|Any CPU.ActiveCfg = Release|Any CPU
		{243239CB-E79E-4F34-B3C7-92D90425256A}.Release|Any CPU.Build.0 = Release|Any CPU
		{D2C6422B-045A-42DE-AD60-C8A94C2F6371}.Debug|Any CPU.ActiveCfg = Debug|Any CPU
		{D2C6422B-045A-42DE-AD60-C8A94C2F6371}.Debug|Any CPU.Build.0 = Debug|Any CPU
		{D2C6422B-045A-42DE-AD60-C8A94C2F6371}.Debug|Any CPU.Deploy.0 = Debug|Any CPU
		{D2C6422B-045A-42DE-AD60-C8A94C2F6371}.Release|Any CPU.ActiveCfg = Release|Any CPU
		{D2C6422B-045A-42DE-AD60-C8A94C2F6371}.Release|Any CPU.Build.0 = Release|Any CPU
		{D2C6422B-045A-42DE-AD60-C8A94C2F6371}.Release|Any CPU.Deploy.0 = Release|Any CPU
	EndGlobalSection
	GlobalSection(SolutionProperties) = preSolution
		HideSolutionNode = FALSE
	EndGlobalSection
	GlobalSection(ExtensibilityGlobals) = postSolution
		SolutionGuid = {15710243-8009-49F2-9582-0571E627DCB1}
	EndGlobalSection
EndGlobal
